// !$*UTF8*$!
{
	archiveVersion = 1;
	classes = {
	};
	objectVersion = 54;
	objects = {

/* Begin PBXBuildFile section */
		609BF1661A630C98B3274BF6 /* Pods_myday.framework in Frameworks */ = {isa = PBXBuildFile; fileRef = F963C95BFFC6F87A88CE6732 /* Pods_myday.framework */; };
		63D9AA0B2A54CB21AAA1EF97 /* Pods_mydayTests.framework in Frameworks */ = {isa = PBXBuildFile; fileRef = 6B6B29447E01BA36477AD421 /* Pods_mydayTests.framework */; };
		F400A42C258E65670081CCD8 /* SplashCoordinator.swift in Sources */ = {isa = PBXBuildFile; fileRef = F400A42B258E65670081CCD8 /* SplashCoordinator.swift */; };
		F400A431258E65EC0081CCD8 /* SplashViewController.swift in Sources */ = {isa = PBXBuildFile; fileRef = F400A430258E65EC0081CCD8 /* SplashViewController.swift */; };
		F400A436258E65F70081CCD8 /* SplashViewModel.swift in Sources */ = {isa = PBXBuildFile; fileRef = F400A435258E65F70081CCD8 /* SplashViewModel.swift */; };
		F400A43C258E663D0081CCD8 /* SettingsCoordinator.swift in Sources */ = {isa = PBXBuildFile; fileRef = F400A43B258E663D0081CCD8 /* SettingsCoordinator.swift */; };
		F400A444258E66490081CCD8 /* SettingsViewController.swift in Sources */ = {isa = PBXBuildFile; fileRef = F400A443258E66490081CCD8 /* SettingsViewController.swift */; };
		F400A449258E66520081CCD8 /* SettingsViewModel.swift in Sources */ = {isa = PBXBuildFile; fileRef = F400A448258E66520081CCD8 /* SettingsViewModel.swift */; };
		F400A44F258E67DF0081CCD8 /* CreateGoalRequest.swift in Sources */ = {isa = PBXBuildFile; fileRef = F400A44E258E67DF0081CCD8 /* CreateGoalRequest.swift */; };
		F400A457258E67E70081CCD8 /* CreateGoalResponse.swift in Sources */ = {isa = PBXBuildFile; fileRef = F400A456258E67E70081CCD8 /* CreateGoalResponse.swift */; };
		F400A45C258E699E0081CCD8 /* Encodable+Extensions.swift in Sources */ = {isa = PBXBuildFile; fileRef = F400A45B258E699E0081CCD8 /* Encodable+Extensions.swift */; };
		F400A462258E6AD70081CCD8 /* UpdateGoalRequest.swift in Sources */ = {isa = PBXBuildFile; fileRef = F400A461258E6AD70081CCD8 /* UpdateGoalRequest.swift */; };
		F400A467258E6AE00081CCD8 /* UpdateGoalResponse.swift in Sources */ = {isa = PBXBuildFile; fileRef = F400A466258E6AE00081CCD8 /* UpdateGoalResponse.swift */; };
		F400A46C258E6C160081CCD8 /* String+Extensions.swift in Sources */ = {isa = PBXBuildFile; fileRef = F400A46B258E6C160081CCD8 /* String+Extensions.swift */; };
		F400A471258E6C400081CCD8 /* UIView+Extensions.swift in Sources */ = {isa = PBXBuildFile; fileRef = F400A470258E6C400081CCD8 /* UIView+Extensions.swift */; };
		F400A476258E6C4D0081CCD8 /* UIColor+Extensions.swift in Sources */ = {isa = PBXBuildFile; fileRef = F400A475258E6C4D0081CCD8 /* UIColor+Extensions.swift */; };
		F400A47B258E6C830081CCD8 /* Constants.swift in Sources */ = {isa = PBXBuildFile; fileRef = F400A47A258E6C830081CCD8 /* Constants.swift */; };
		F400A483258E6C980081CCD8 /* Images.swift in Sources */ = {isa = PBXBuildFile; fileRef = F400A482258E6C980081CCD8 /* Images.swift */; };
		F400A488258E6CC40081CCD8 /* Theme.swift in Sources */ = {isa = PBXBuildFile; fileRef = F400A487258E6CC40081CCD8 /* Theme.swift */; };
		F400A490258E6D080081CCD8 /* Utility.swift in Sources */ = {isa = PBXBuildFile; fileRef = F400A48F258E6D080081CCD8 /* Utility.swift */; };
		F400A495258E6D310081CCD8 /* Colors.xcassets in Resources */ = {isa = PBXBuildFile; fileRef = F400A494258E6D310081CCD8 /* Colors.xcassets */; };
		F400A4A3258E6DE00081CCD8 /* Montserrat-Thin.ttf in Resources */ = {isa = PBXBuildFile; fileRef = F400A49A258E6DE00081CCD8 /* Montserrat-Thin.ttf */; };
		F400A4A4258E6DE00081CCD8 /* Montserrat-ExtraLight.ttf in Resources */ = {isa = PBXBuildFile; fileRef = F400A49B258E6DE00081CCD8 /* Montserrat-ExtraLight.ttf */; };
		F400A4A5258E6DE00081CCD8 /* Montserrat-Regular.ttf in Resources */ = {isa = PBXBuildFile; fileRef = F400A49C258E6DE00081CCD8 /* Montserrat-Regular.ttf */; };
		F400A4A6258E6DE00081CCD8 /* Montserrat-Black.ttf in Resources */ = {isa = PBXBuildFile; fileRef = F400A49D258E6DE00081CCD8 /* Montserrat-Black.ttf */; };
		F400A4A7258E6DE00081CCD8 /* Montserrat-Medium.ttf in Resources */ = {isa = PBXBuildFile; fileRef = F400A49E258E6DE00081CCD8 /* Montserrat-Medium.ttf */; };
		F400A4A8258E6DE00081CCD8 /* Montserrat-Light.ttf in Resources */ = {isa = PBXBuildFile; fileRef = F400A49F258E6DE00081CCD8 /* Montserrat-Light.ttf */; };
		F400A4A9258E6DE00081CCD8 /* Montserrat-Bold.ttf in Resources */ = {isa = PBXBuildFile; fileRef = F400A4A0258E6DE00081CCD8 /* Montserrat-Bold.ttf */; };
		F400A4AA258E6DE00081CCD8 /* Montserrat-SemiBold.ttf in Resources */ = {isa = PBXBuildFile; fileRef = F400A4A1258E6DE00081CCD8 /* Montserrat-SemiBold.ttf */; };
		F400A4AB258E6DE00081CCD8 /* Montserrat-ExtraBold.ttf in Resources */ = {isa = PBXBuildFile; fileRef = F400A4A2258E6DE00081CCD8 /* Montserrat-ExtraBold.ttf */; };
		F400A4D6258E6EF60081CCD8 /* ExternalNavigationManager.swift in Sources */ = {isa = PBXBuildFile; fileRef = F400A4D5258E6EF60081CCD8 /* ExternalNavigationManager.swift */; };
		F400A502258E6F9C0081CCD8 /* ZeroView.swift in Sources */ = {isa = PBXBuildFile; fileRef = F400A501258E6F9C0081CCD8 /* ZeroView.swift */; };
		F400A507258E6FC30081CCD8 /* BaseView.swift in Sources */ = {isa = PBXBuildFile; fileRef = F400A506258E6FC30081CCD8 /* BaseView.swift */; };
		F400A50C258E6FCB0081CCD8 /* BaseTableCell.swift in Sources */ = {isa = PBXBuildFile; fileRef = F400A50B258E6FCB0081CCD8 /* BaseTableCell.swift */; };
		F400A514258E71440081CCD8 /* GoalCell.swift in Sources */ = {isa = PBXBuildFile; fileRef = F400A513258E71440081CCD8 /* GoalCell.swift */; };
		F401588F25945E3A006F3CF4 /* GoalProgressBarCell.swift in Sources */ = {isa = PBXBuildFile; fileRef = F401588E25945E3A006F3CF4 /* GoalProgressBarCell.swift */; };
		F401589825945F3D006F3CF4 /* HorizontalProgressBar.swift in Sources */ = {isa = PBXBuildFile; fileRef = F401589725945F3D006F3CF4 /* HorizontalProgressBar.swift */; };
		F41845222593B3DA00E7F0A0 /* SwiftMessages in Frameworks */ = {isa = PBXBuildFile; productRef = F41845212593B3DA00E7F0A0 /* SwiftMessages */; };
		F41845272593BE7D00E7F0A0 /* Enums.swift in Sources */ = {isa = PBXBuildFile; fileRef = F41845262593BE7D00E7F0A0 /* Enums.swift */; };
		F41845302593D5BF00E7F0A0 /* CalendarViewController.swift in Sources */ = {isa = PBXBuildFile; fileRef = F418452F2593D5BF00E7F0A0 /* CalendarViewController.swift */; };
		F41845352593D5CB00E7F0A0 /* CalendarViewModel.swift in Sources */ = {isa = PBXBuildFile; fileRef = F41845342593D5CB00E7F0A0 /* CalendarViewModel.swift */; };
		F418453A2593D5D700E7F0A0 /* CalendarCoordinator.swift in Sources */ = {isa = PBXBuildFile; fileRef = F41845392593D5D700E7F0A0 /* CalendarCoordinator.swift */; };
		F418455A2593DBDF00E7F0A0 /* Date+Extensions.swift in Sources */ = {isa = PBXBuildFile; fileRef = F41845592593DBDF00E7F0A0 /* Date+Extensions.swift */; };
		F41845622593DEDF00E7F0A0 /* DayCell.swift in Sources */ = {isa = PBXBuildFile; fileRef = F41845612593DEDF00E7F0A0 /* DayCell.swift */; };
		F418456A2593DF4E00E7F0A0 /* BaseCollectionCell.swift in Sources */ = {isa = PBXBuildFile; fileRef = F41845692593DF4E00E7F0A0 /* BaseCollectionCell.swift */; };
		F41CE19C258E74B800D0F36E /* GoogleService-Info-Release.plist in Resources */ = {isa = PBXBuildFile; fileRef = F41CE19B258E74B800D0F36E /* GoogleService-Info-Release.plist */; };
		F46F3547258E26D4007CD3E4 /* GoalDetailCoordinator.swift in Sources */ = {isa = PBXBuildFile; fileRef = F46F3546258E26D4007CD3E4 /* GoalDetailCoordinator.swift */; };
		F46F354C258E26F1007CD3E4 /* GoalDetailViewController.swift in Sources */ = {isa = PBXBuildFile; fileRef = F46F354B258E26F1007CD3E4 /* GoalDetailViewController.swift */; };
		F46F3551258E271B007CD3E4 /* GoalDetailViewModel.swift in Sources */ = {isa = PBXBuildFile; fileRef = F46F3550258E271B007CD3E4 /* GoalDetailViewModel.swift */; };
		F46F3556258E272F007CD3E4 /* Goal.swift in Sources */ = {isa = PBXBuildFile; fileRef = F46F3555258E272F007CD3E4 /* Goal.swift */; };
		F46F355B258E2807007CD3E4 /* FirestoreManager.swift in Sources */ = {isa = PBXBuildFile; fileRef = F46F355A258E2807007CD3E4 /* FirestoreManager.swift */; };
		F46F3561258E282D007CD3E4 /* GoalServices.swift in Sources */ = {isa = PBXBuildFile; fileRef = F46F3560258E282D007CD3E4 /* GoalServices.swift */; };
		F46F3566258E2907007CD3E4 /* BaseService.swift in Sources */ = {isa = PBXBuildFile; fileRef = F46F3565258E2907007CD3E4 /* BaseService.swift */; };
		F46F356C258E29CF007CD3E4 /* GetGoalsRequest.swift in Sources */ = {isa = PBXBuildFile; fileRef = F46F356B258E29CF007CD3E4 /* GetGoalsRequest.swift */; };
		F46F3571258E29E2007CD3E4 /* GetGoalsResponse.swift in Sources */ = {isa = PBXBuildFile; fileRef = F46F3570258E29E2007CD3E4 /* GetGoalsResponse.swift */; };
		F473E535258F4DD600FB36F8 /* AuthenticationManager.swift in Sources */ = {isa = PBXBuildFile; fileRef = F473E534258F4DD600FB36F8 /* AuthenticationManager.swift */; };
		F484BB942594F6E10021E7DD /* ProfileViewController.swift in Sources */ = {isa = PBXBuildFile; fileRef = F484BB932594F6E10021E7DD /* ProfileViewController.swift */; };
		F484BB9C2594F6EC0021E7DD /* ProfileViewModel.swift in Sources */ = {isa = PBXBuildFile; fileRef = F484BB9B2594F6EC0021E7DD /* ProfileViewModel.swift */; };
		F484BBA12594F6FB0021E7DD /* ProfileCoordinator.swift in Sources */ = {isa = PBXBuildFile; fileRef = F484BBA02594F6FB0021E7DD /* ProfileCoordinator.swift */; };
		F497503B258E035E00259DAC /* AppDelegate.swift in Sources */ = {isa = PBXBuildFile; fileRef = F497503A258E035E00259DAC /* AppDelegate.swift */; };
		F4975044258E035F00259DAC /* Assets.xcassets in Resources */ = {isa = PBXBuildFile; fileRef = F4975043258E035F00259DAC /* Assets.xcassets */; };
		F4975047258E035F00259DAC /* LaunchScreen.storyboard in Resources */ = {isa = PBXBuildFile; fileRef = F4975045258E035F00259DAC /* LaunchScreen.storyboard */; };
		F4975052258E035F00259DAC /* mydayTests.swift in Sources */ = {isa = PBXBuildFile; fileRef = F4975051258E035F00259DAC /* mydayTests.swift */; };
		F497505D258E035F00259DAC /* mydayUITests.swift in Sources */ = {isa = PBXBuildFile; fileRef = F497505C258E035F00259DAC /* mydayUITests.swift */; };
		F49880B0258E1D9800C3EF2D /* HomeViewController.swift in Sources */ = {isa = PBXBuildFile; fileRef = F49880AF258E1D9800C3EF2D /* HomeViewController.swift */; };
		F49880B5258E1DA000C3EF2D /* HomeCoordinator.swift in Sources */ = {isa = PBXBuildFile; fileRef = F49880B4258E1DA000C3EF2D /* HomeCoordinator.swift */; };
		F49880BA258E1DA800C3EF2D /* HomeViewModel.swift in Sources */ = {isa = PBXBuildFile; fileRef = F49880B9258E1DA800C3EF2D /* HomeViewModel.swift */; };
		F49880C0258E1DB700C3EF2D /* BaseViewController.swift in Sources */ = {isa = PBXBuildFile; fileRef = F49880BF258E1DB700C3EF2D /* BaseViewController.swift */; };
		F49880C5258E1DBE00C3EF2D /* BaseViewModel.swift in Sources */ = {isa = PBXBuildFile; fileRef = F49880C4258E1DBE00C3EF2D /* BaseViewModel.swift */; };
		F49880CA258E1DC500C3EF2D /* BaseCoordinator.swift in Sources */ = {isa = PBXBuildFile; fileRef = F49880C9258E1DC500C3EF2D /* BaseCoordinator.swift */; };
		F49880CF258E1DD800C3EF2D /* BaseNavigationController.swift in Sources */ = {isa = PBXBuildFile; fileRef = F49880CE258E1DD800C3EF2D /* BaseNavigationController.swift */; };
		F49880E1258E1ECE00C3EF2D /* ApplicationCoordinator.swift in Sources */ = {isa = PBXBuildFile; fileRef = F49880E0258E1ECE00C3EF2D /* ApplicationCoordinator.swift */; };
		F4AE2F42258E1996005E77AB /* GoogleService-Info-Debug.plist in Resources */ = {isa = PBXBuildFile; fileRef = F4AE2F41258E1996005E77AB /* GoogleService-Info-Debug.plist */; };
		F4AE2F4A258E1A7C005E77AB /* SnapKit in Frameworks */ = {isa = PBXBuildFile; productRef = F4AE2F49258E1A7C005E77AB /* SnapKit */; };
		F4BD2908258E5DD000691D68 /* DeleteGoalRequest.swift in Sources */ = {isa = PBXBuildFile; fileRef = F4BD2907258E5DD000691D68 /* DeleteGoalRequest.swift */; };
		F4BD2910258E5DD800691D68 /* DeleteGoalResponse.swift in Sources */ = {isa = PBXBuildFile; fileRef = F4BD290F258E5DD800691D68 /* DeleteGoalResponse.swift */; };
		F4BEE74F258F8C4E0027028E /* TextFieldCell.swift in Sources */ = {isa = PBXBuildFile; fileRef = F4BEE74E258F8C4E0027028E /* TextFieldCell.swift */; };
		F4BEE763258F97A80027028E /* Notification+Extensions.swift in Sources */ = {isa = PBXBuildFile; fileRef = F4BEE762258F97A80027028E /* Notification+Extensions.swift */; };
		FDB8F020C964F9BB4F090BD0 /* Pods_myday_mydayUITests.framework in Frameworks */ = {isa = PBXBuildFile; fileRef = 1E137BA18A37B3B1506E958A /* Pods_myday_mydayUITests.framework */; };
/* End PBXBuildFile section */

/* Begin PBXContainerItemProxy section */
		F497504E258E035F00259DAC /* PBXContainerItemProxy */ = {
			isa = PBXContainerItemProxy;
			containerPortal = F497502F258E035E00259DAC /* Project object */;
			proxyType = 1;
			remoteGlobalIDString = F4975036258E035E00259DAC;
			remoteInfo = myday;
		};
		F4975059258E035F00259DAC /* PBXContainerItemProxy */ = {
			isa = PBXContainerItemProxy;
			containerPortal = F497502F258E035E00259DAC /* Project object */;
			proxyType = 1;
			remoteGlobalIDString = F4975036258E035E00259DAC;
			remoteInfo = myday;
		};
/* End PBXContainerItemProxy section */

/* Begin PBXFileReference section */
		1E137BA18A37B3B1506E958A /* Pods_myday_mydayUITests.framework */ = {isa = PBXFileReference; explicitFileType = wrapper.framework; includeInIndex = 0; path = Pods_myday_mydayUITests.framework; sourceTree = BUILT_PRODUCTS_DIR; };
		393D7885E1C655F420D397EB /* Pods-mydayTests.debug.xcconfig */ = {isa = PBXFileReference; includeInIndex = 1; lastKnownFileType = text.xcconfig; name = "Pods-mydayTests.debug.xcconfig"; path = "Target Support Files/Pods-mydayTests/Pods-mydayTests.debug.xcconfig"; sourceTree = "<group>"; };
		6B6B29447E01BA36477AD421 /* Pods_mydayTests.framework */ = {isa = PBXFileReference; explicitFileType = wrapper.framework; includeInIndex = 0; path = Pods_mydayTests.framework; sourceTree = BUILT_PRODUCTS_DIR; };
		77521F906AAD5B43E3372E9D /* Pods-myday.debug.xcconfig */ = {isa = PBXFileReference; includeInIndex = 1; lastKnownFileType = text.xcconfig; name = "Pods-myday.debug.xcconfig"; path = "Target Support Files/Pods-myday/Pods-myday.debug.xcconfig"; sourceTree = "<group>"; };
		8B19ACCDC52E43B2651D4DE0 /* Pods-myday-mydayUITests.release.xcconfig */ = {isa = PBXFileReference; includeInIndex = 1; lastKnownFileType = text.xcconfig; name = "Pods-myday-mydayUITests.release.xcconfig"; path = "Target Support Files/Pods-myday-mydayUITests/Pods-myday-mydayUITests.release.xcconfig"; sourceTree = "<group>"; };
		CD751E2600EEE72C74363E81 /* Pods-myday.release.xcconfig */ = {isa = PBXFileReference; includeInIndex = 1; lastKnownFileType = text.xcconfig; name = "Pods-myday.release.xcconfig"; path = "Target Support Files/Pods-myday/Pods-myday.release.xcconfig"; sourceTree = "<group>"; };
		DEBABB0E249420B171A03A90 /* Pods-mydayTests.release.xcconfig */ = {isa = PBXFileReference; includeInIndex = 1; lastKnownFileType = text.xcconfig; name = "Pods-mydayTests.release.xcconfig"; path = "Target Support Files/Pods-mydayTests/Pods-mydayTests.release.xcconfig"; sourceTree = "<group>"; };
		E35A29D38C531DBA5A5E11D7 /* Pods-myday-mydayUITests.debug.xcconfig */ = {isa = PBXFileReference; includeInIndex = 1; lastKnownFileType = text.xcconfig; name = "Pods-myday-mydayUITests.debug.xcconfig"; path = "Target Support Files/Pods-myday-mydayUITests/Pods-myday-mydayUITests.debug.xcconfig"; sourceTree = "<group>"; };
		F400A42B258E65670081CCD8 /* SplashCoordinator.swift */ = {isa = PBXFileReference; lastKnownFileType = sourcecode.swift; path = SplashCoordinator.swift; sourceTree = "<group>"; };
		F400A430258E65EC0081CCD8 /* SplashViewController.swift */ = {isa = PBXFileReference; lastKnownFileType = sourcecode.swift; path = SplashViewController.swift; sourceTree = "<group>"; };
		F400A435258E65F70081CCD8 /* SplashViewModel.swift */ = {isa = PBXFileReference; lastKnownFileType = sourcecode.swift; path = SplashViewModel.swift; sourceTree = "<group>"; };
		F400A43B258E663D0081CCD8 /* SettingsCoordinator.swift */ = {isa = PBXFileReference; lastKnownFileType = sourcecode.swift; path = SettingsCoordinator.swift; sourceTree = "<group>"; };
		F400A443258E66490081CCD8 /* SettingsViewController.swift */ = {isa = PBXFileReference; lastKnownFileType = sourcecode.swift; path = SettingsViewController.swift; sourceTree = "<group>"; };
		F400A448258E66520081CCD8 /* SettingsViewModel.swift */ = {isa = PBXFileReference; lastKnownFileType = sourcecode.swift; path = SettingsViewModel.swift; sourceTree = "<group>"; };
		F400A44E258E67DF0081CCD8 /* CreateGoalRequest.swift */ = {isa = PBXFileReference; lastKnownFileType = sourcecode.swift; path = CreateGoalRequest.swift; sourceTree = "<group>"; };
		F400A456258E67E70081CCD8 /* CreateGoalResponse.swift */ = {isa = PBXFileReference; lastKnownFileType = sourcecode.swift; path = CreateGoalResponse.swift; sourceTree = "<group>"; };
		F400A45B258E699E0081CCD8 /* Encodable+Extensions.swift */ = {isa = PBXFileReference; lastKnownFileType = sourcecode.swift; path = "Encodable+Extensions.swift"; sourceTree = "<group>"; };
		F400A461258E6AD70081CCD8 /* UpdateGoalRequest.swift */ = {isa = PBXFileReference; lastKnownFileType = sourcecode.swift; path = UpdateGoalRequest.swift; sourceTree = "<group>"; };
		F400A466258E6AE00081CCD8 /* UpdateGoalResponse.swift */ = {isa = PBXFileReference; lastKnownFileType = sourcecode.swift; path = UpdateGoalResponse.swift; sourceTree = "<group>"; };
		F400A46B258E6C160081CCD8 /* String+Extensions.swift */ = {isa = PBXFileReference; lastKnownFileType = sourcecode.swift; path = "String+Extensions.swift"; sourceTree = "<group>"; };
		F400A470258E6C400081CCD8 /* UIView+Extensions.swift */ = {isa = PBXFileReference; lastKnownFileType = sourcecode.swift; path = "UIView+Extensions.swift"; sourceTree = "<group>"; };
		F400A475258E6C4D0081CCD8 /* UIColor+Extensions.swift */ = {isa = PBXFileReference; lastKnownFileType = sourcecode.swift; path = "UIColor+Extensions.swift"; sourceTree = "<group>"; };
		F400A47A258E6C830081CCD8 /* Constants.swift */ = {isa = PBXFileReference; lastKnownFileType = sourcecode.swift; path = Constants.swift; sourceTree = "<group>"; };
		F400A482258E6C980081CCD8 /* Images.swift */ = {isa = PBXFileReference; lastKnownFileType = sourcecode.swift; path = Images.swift; sourceTree = "<group>"; };
		F400A487258E6CC40081CCD8 /* Theme.swift */ = {isa = PBXFileReference; lastKnownFileType = sourcecode.swift; path = Theme.swift; sourceTree = "<group>"; };
		F400A48F258E6D080081CCD8 /* Utility.swift */ = {isa = PBXFileReference; lastKnownFileType = sourcecode.swift; path = Utility.swift; sourceTree = "<group>"; };
		F400A494258E6D310081CCD8 /* Colors.xcassets */ = {isa = PBXFileReference; lastKnownFileType = folder.assetcatalog; path = Colors.xcassets; sourceTree = "<group>"; };
		F400A49A258E6DE00081CCD8 /* Montserrat-Thin.ttf */ = {isa = PBXFileReference; lastKnownFileType = file; path = "Montserrat-Thin.ttf"; sourceTree = "<group>"; };
		F400A49B258E6DE00081CCD8 /* Montserrat-ExtraLight.ttf */ = {isa = PBXFileReference; lastKnownFileType = file; path = "Montserrat-ExtraLight.ttf"; sourceTree = "<group>"; };
		F400A49C258E6DE00081CCD8 /* Montserrat-Regular.ttf */ = {isa = PBXFileReference; lastKnownFileType = file; path = "Montserrat-Regular.ttf"; sourceTree = "<group>"; };
		F400A49D258E6DE00081CCD8 /* Montserrat-Black.ttf */ = {isa = PBXFileReference; lastKnownFileType = file; path = "Montserrat-Black.ttf"; sourceTree = "<group>"; };
		F400A49E258E6DE00081CCD8 /* Montserrat-Medium.ttf */ = {isa = PBXFileReference; lastKnownFileType = file; path = "Montserrat-Medium.ttf"; sourceTree = "<group>"; };
		F400A49F258E6DE00081CCD8 /* Montserrat-Light.ttf */ = {isa = PBXFileReference; lastKnownFileType = file; path = "Montserrat-Light.ttf"; sourceTree = "<group>"; };
		F400A4A0258E6DE00081CCD8 /* Montserrat-Bold.ttf */ = {isa = PBXFileReference; lastKnownFileType = file; path = "Montserrat-Bold.ttf"; sourceTree = "<group>"; };
		F400A4A1258E6DE00081CCD8 /* Montserrat-SemiBold.ttf */ = {isa = PBXFileReference; lastKnownFileType = file; path = "Montserrat-SemiBold.ttf"; sourceTree = "<group>"; };
		F400A4A2258E6DE00081CCD8 /* Montserrat-ExtraBold.ttf */ = {isa = PBXFileReference; lastKnownFileType = file; path = "Montserrat-ExtraBold.ttf"; sourceTree = "<group>"; };
		F400A4D5258E6EF60081CCD8 /* ExternalNavigationManager.swift */ = {isa = PBXFileReference; lastKnownFileType = sourcecode.swift; path = ExternalNavigationManager.swift; sourceTree = "<group>"; };
		F400A501258E6F9C0081CCD8 /* ZeroView.swift */ = {isa = PBXFileReference; lastKnownFileType = sourcecode.swift; path = ZeroView.swift; sourceTree = "<group>"; };
		F400A506258E6FC30081CCD8 /* BaseView.swift */ = {isa = PBXFileReference; lastKnownFileType = sourcecode.swift; path = BaseView.swift; sourceTree = "<group>"; };
		F400A50B258E6FCB0081CCD8 /* BaseTableCell.swift */ = {isa = PBXFileReference; lastKnownFileType = sourcecode.swift; path = BaseTableCell.swift; sourceTree = "<group>"; };
		F400A513258E71440081CCD8 /* GoalCell.swift */ = {isa = PBXFileReference; lastKnownFileType = sourcecode.swift; path = GoalCell.swift; sourceTree = "<group>"; };
		F401588E25945E3A006F3CF4 /* GoalProgressBarCell.swift */ = {isa = PBXFileReference; lastKnownFileType = sourcecode.swift; path = GoalProgressBarCell.swift; sourceTree = "<group>"; };
		F401589725945F3D006F3CF4 /* HorizontalProgressBar.swift */ = {isa = PBXFileReference; lastKnownFileType = sourcecode.swift; path = HorizontalProgressBar.swift; sourceTree = "<group>"; };
		F41845262593BE7D00E7F0A0 /* Enums.swift */ = {isa = PBXFileReference; lastKnownFileType = sourcecode.swift; path = Enums.swift; sourceTree = "<group>"; };
		F418452F2593D5BF00E7F0A0 /* CalendarViewController.swift */ = {isa = PBXFileReference; lastKnownFileType = sourcecode.swift; path = CalendarViewController.swift; sourceTree = "<group>"; };
		F41845342593D5CB00E7F0A0 /* CalendarViewModel.swift */ = {isa = PBXFileReference; lastKnownFileType = sourcecode.swift; path = CalendarViewModel.swift; sourceTree = "<group>"; };
		F41845392593D5D700E7F0A0 /* CalendarCoordinator.swift */ = {isa = PBXFileReference; lastKnownFileType = sourcecode.swift; path = CalendarCoordinator.swift; sourceTree = "<group>"; };
		F41845592593DBDF00E7F0A0 /* Date+Extensions.swift */ = {isa = PBXFileReference; lastKnownFileType = sourcecode.swift; path = "Date+Extensions.swift"; sourceTree = "<group>"; };
		F41845612593DEDF00E7F0A0 /* DayCell.swift */ = {isa = PBXFileReference; lastKnownFileType = sourcecode.swift; path = DayCell.swift; sourceTree = "<group>"; };
		F41845692593DF4E00E7F0A0 /* BaseCollectionCell.swift */ = {isa = PBXFileReference; lastKnownFileType = sourcecode.swift; path = BaseCollectionCell.swift; sourceTree = "<group>"; };
		F41CE19B258E74B800D0F36E /* GoogleService-Info-Release.plist */ = {isa = PBXFileReference; fileEncoding = 4; lastKnownFileType = text.plist.xml; path = "GoogleService-Info-Release.plist"; sourceTree = "<group>"; };
		F46F3546258E26D4007CD3E4 /* GoalDetailCoordinator.swift */ = {isa = PBXFileReference; lastKnownFileType = sourcecode.swift; path = GoalDetailCoordinator.swift; sourceTree = "<group>"; };
		F46F354B258E26F1007CD3E4 /* GoalDetailViewController.swift */ = {isa = PBXFileReference; lastKnownFileType = sourcecode.swift; path = GoalDetailViewController.swift; sourceTree = "<group>"; };
		F46F3550258E271B007CD3E4 /* GoalDetailViewModel.swift */ = {isa = PBXFileReference; lastKnownFileType = sourcecode.swift; path = GoalDetailViewModel.swift; sourceTree = "<group>"; };
		F46F3555258E272F007CD3E4 /* Goal.swift */ = {isa = PBXFileReference; lastKnownFileType = sourcecode.swift; path = Goal.swift; sourceTree = "<group>"; };
		F46F355A258E2807007CD3E4 /* FirestoreManager.swift */ = {isa = PBXFileReference; lastKnownFileType = sourcecode.swift; path = FirestoreManager.swift; sourceTree = "<group>"; };
		F46F3560258E282D007CD3E4 /* GoalServices.swift */ = {isa = PBXFileReference; lastKnownFileType = sourcecode.swift; path = GoalServices.swift; sourceTree = "<group>"; };
		F46F3565258E2907007CD3E4 /* BaseService.swift */ = {isa = PBXFileReference; lastKnownFileType = sourcecode.swift; path = BaseService.swift; sourceTree = "<group>"; };
		F46F356B258E29CF007CD3E4 /* GetGoalsRequest.swift */ = {isa = PBXFileReference; lastKnownFileType = sourcecode.swift; path = GetGoalsRequest.swift; sourceTree = "<group>"; };
		F46F3570258E29E2007CD3E4 /* GetGoalsResponse.swift */ = {isa = PBXFileReference; lastKnownFileType = sourcecode.swift; path = GetGoalsResponse.swift; sourceTree = "<group>"; };
		F473E534258F4DD600FB36F8 /* AuthenticationManager.swift */ = {isa = PBXFileReference; lastKnownFileType = sourcecode.swift; path = AuthenticationManager.swift; sourceTree = "<group>"; };
		F484BB932594F6E10021E7DD /* ProfileViewController.swift */ = {isa = PBXFileReference; lastKnownFileType = sourcecode.swift; path = ProfileViewController.swift; sourceTree = "<group>"; };
		F484BB9B2594F6EC0021E7DD /* ProfileViewModel.swift */ = {isa = PBXFileReference; lastKnownFileType = sourcecode.swift; path = ProfileViewModel.swift; sourceTree = "<group>"; };
		F484BBA02594F6FB0021E7DD /* ProfileCoordinator.swift */ = {isa = PBXFileReference; lastKnownFileType = sourcecode.swift; path = ProfileCoordinator.swift; sourceTree = "<group>"; };
		F4975037258E035E00259DAC /* My Day Dev.app */ = {isa = PBXFileReference; explicitFileType = wrapper.application; includeInIndex = 0; path = "My Day Dev.app"; sourceTree = BUILT_PRODUCTS_DIR; };
		F497503A258E035E00259DAC /* AppDelegate.swift */ = {isa = PBXFileReference; lastKnownFileType = sourcecode.swift; path = AppDelegate.swift; sourceTree = "<group>"; };
		F4975043258E035F00259DAC /* Assets.xcassets */ = {isa = PBXFileReference; lastKnownFileType = folder.assetcatalog; path = Assets.xcassets; sourceTree = "<group>"; };
		F4975046258E035F00259DAC /* Base */ = {isa = PBXFileReference; lastKnownFileType = file.storyboard; name = Base; path = Base.lproj/LaunchScreen.storyboard; sourceTree = "<group>"; };
		F497504D258E035F00259DAC /* mydayTests.xctest */ = {isa = PBXFileReference; explicitFileType = wrapper.cfbundle; includeInIndex = 0; path = mydayTests.xctest; sourceTree = BUILT_PRODUCTS_DIR; };
		F4975051258E035F00259DAC /* mydayTests.swift */ = {isa = PBXFileReference; lastKnownFileType = sourcecode.swift; path = mydayTests.swift; sourceTree = "<group>"; };
		F4975053258E035F00259DAC /* Info.plist */ = {isa = PBXFileReference; lastKnownFileType = text.plist.xml; path = Info.plist; sourceTree = "<group>"; };
		F4975058258E035F00259DAC /* mydayUITests.xctest */ = {isa = PBXFileReference; explicitFileType = wrapper.cfbundle; includeInIndex = 0; path = mydayUITests.xctest; sourceTree = BUILT_PRODUCTS_DIR; };
		F497505C258E035F00259DAC /* mydayUITests.swift */ = {isa = PBXFileReference; lastKnownFileType = sourcecode.swift; path = mydayUITests.swift; sourceTree = "<group>"; };
		F497505E258E035F00259DAC /* Info.plist */ = {isa = PBXFileReference; lastKnownFileType = text.plist.xml; path = Info.plist; sourceTree = "<group>"; };
		F49880AF258E1D9800C3EF2D /* HomeViewController.swift */ = {isa = PBXFileReference; lastKnownFileType = sourcecode.swift; path = HomeViewController.swift; sourceTree = "<group>"; };
		F49880B4258E1DA000C3EF2D /* HomeCoordinator.swift */ = {isa = PBXFileReference; lastKnownFileType = sourcecode.swift; path = HomeCoordinator.swift; sourceTree = "<group>"; };
		F49880B9258E1DA800C3EF2D /* HomeViewModel.swift */ = {isa = PBXFileReference; lastKnownFileType = sourcecode.swift; path = HomeViewModel.swift; sourceTree = "<group>"; };
		F49880BF258E1DB700C3EF2D /* BaseViewController.swift */ = {isa = PBXFileReference; lastKnownFileType = sourcecode.swift; path = BaseViewController.swift; sourceTree = "<group>"; };
		F49880C4258E1DBE00C3EF2D /* BaseViewModel.swift */ = {isa = PBXFileReference; lastKnownFileType = sourcecode.swift; path = BaseViewModel.swift; sourceTree = "<group>"; };
		F49880C9258E1DC500C3EF2D /* BaseCoordinator.swift */ = {isa = PBXFileReference; lastKnownFileType = sourcecode.swift; path = BaseCoordinator.swift; sourceTree = "<group>"; };
		F49880CE258E1DD800C3EF2D /* BaseNavigationController.swift */ = {isa = PBXFileReference; lastKnownFileType = sourcecode.swift; path = BaseNavigationController.swift; sourceTree = "<group>"; };
		F49880E0258E1ECE00C3EF2D /* ApplicationCoordinator.swift */ = {isa = PBXFileReference; lastKnownFileType = sourcecode.swift; path = ApplicationCoordinator.swift; sourceTree = "<group>"; };
		F4AE2F30258E155F005E77AB /* Info-Debug.plist */ = {isa = PBXFileReference; fileEncoding = 4; lastKnownFileType = text.plist.xml; path = "Info-Debug.plist"; sourceTree = "<group>"; };
		F4AE2F31258E155F005E77AB /* Info-Release.plist */ = {isa = PBXFileReference; fileEncoding = 4; lastKnownFileType = text.plist.xml; path = "Info-Release.plist"; sourceTree = "<group>"; };
		F4AE2F41258E1996005E77AB /* GoogleService-Info-Debug.plist */ = {isa = PBXFileReference; fileEncoding = 4; lastKnownFileType = text.plist.xml; path = "GoogleService-Info-Debug.plist"; sourceTree = "<group>"; };
		F4BD2907258E5DD000691D68 /* DeleteGoalRequest.swift */ = {isa = PBXFileReference; lastKnownFileType = sourcecode.swift; path = DeleteGoalRequest.swift; sourceTree = "<group>"; };
		F4BD290F258E5DD800691D68 /* DeleteGoalResponse.swift */ = {isa = PBXFileReference; lastKnownFileType = sourcecode.swift; path = DeleteGoalResponse.swift; sourceTree = "<group>"; };
		F4BEE74E258F8C4E0027028E /* TextFieldCell.swift */ = {isa = PBXFileReference; lastKnownFileType = sourcecode.swift; path = TextFieldCell.swift; sourceTree = "<group>"; };
		F4BEE762258F97A80027028E /* Notification+Extensions.swift */ = {isa = PBXFileReference; lastKnownFileType = sourcecode.swift; path = "Notification+Extensions.swift"; sourceTree = "<group>"; };
		F963C95BFFC6F87A88CE6732 /* Pods_myday.framework */ = {isa = PBXFileReference; explicitFileType = wrapper.framework; includeInIndex = 0; path = Pods_myday.framework; sourceTree = BUILT_PRODUCTS_DIR; };
/* End PBXFileReference section */

/* Begin PBXFrameworksBuildPhase section */
		F4975034258E035E00259DAC /* Frameworks */ = {
			isa = PBXFrameworksBuildPhase;
			buildActionMask = 2147483647;
			files = (
				F4AE2F4A258E1A7C005E77AB /* SnapKit in Frameworks */,
				F41845222593B3DA00E7F0A0 /* SwiftMessages in Frameworks */,
				609BF1661A630C98B3274BF6 /* Pods_myday.framework in Frameworks */,
			);
			runOnlyForDeploymentPostprocessing = 0;
		};
		F497504A258E035F00259DAC /* Frameworks */ = {
			isa = PBXFrameworksBuildPhase;
			buildActionMask = 2147483647;
			files = (
				63D9AA0B2A54CB21AAA1EF97 /* Pods_mydayTests.framework in Frameworks */,
			);
			runOnlyForDeploymentPostprocessing = 0;
		};
		F4975055258E035F00259DAC /* Frameworks */ = {
			isa = PBXFrameworksBuildPhase;
			buildActionMask = 2147483647;
			files = (
				FDB8F020C964F9BB4F090BD0 /* Pods_myday_mydayUITests.framework in Frameworks */,
			);
			runOnlyForDeploymentPostprocessing = 0;
		};
/* End PBXFrameworksBuildPhase section */

/* Begin PBXGroup section */
		300C91E7A21A4CB20641526E /* Frameworks */ = {
			isa = PBXGroup;
			children = (
				F963C95BFFC6F87A88CE6732 /* Pods_myday.framework */,
				1E137BA18A37B3B1506E958A /* Pods_myday_mydayUITests.framework */,
				6B6B29447E01BA36477AD421 /* Pods_mydayTests.framework */,
			);
			name = Frameworks;
			sourceTree = "<group>";
		};
		36FE966B58B109C1424579B0 /* Pods */ = {
			isa = PBXGroup;
			children = (
				77521F906AAD5B43E3372E9D /* Pods-myday.debug.xcconfig */,
				CD751E2600EEE72C74363E81 /* Pods-myday.release.xcconfig */,
				E35A29D38C531DBA5A5E11D7 /* Pods-myday-mydayUITests.debug.xcconfig */,
				8B19ACCDC52E43B2651D4DE0 /* Pods-myday-mydayUITests.release.xcconfig */,
				393D7885E1C655F420D397EB /* Pods-mydayTests.debug.xcconfig */,
				DEBABB0E249420B171A03A90 /* Pods-mydayTests.release.xcconfig */,
			);
			path = Pods;
			sourceTree = "<group>";
		};
		F400A42A258E65580081CCD8 /* Splash */ = {
			isa = PBXGroup;
			children = (
				F400A42B258E65670081CCD8 /* SplashCoordinator.swift */,
				F400A430258E65EC0081CCD8 /* SplashViewController.swift */,
				F400A435258E65F70081CCD8 /* SplashViewModel.swift */,
			);
			path = Splash;
			sourceTree = "<group>";
		};
		F400A43A258E662E0081CCD8 /* Settings */ = {
			isa = PBXGroup;
			children = (
				F400A43B258E663D0081CCD8 /* SettingsCoordinator.swift */,
				F400A443258E66490081CCD8 /* SettingsViewController.swift */,
				F400A448258E66520081CCD8 /* SettingsViewModel.swift */,
			);
			path = Settings;
			sourceTree = "<group>";
		};
		F400A44D258E67C90081CCD8 /* Create Goal */ = {
			isa = PBXGroup;
			children = (
				F400A44E258E67DF0081CCD8 /* CreateGoalRequest.swift */,
				F400A456258E67E70081CCD8 /* CreateGoalResponse.swift */,
			);
			path = "Create Goal";
			sourceTree = "<group>";
		};
		F400A460258E6AC80081CCD8 /* Update Goal */ = {
			isa = PBXGroup;
			children = (
				F400A461258E6AD70081CCD8 /* UpdateGoalRequest.swift */,
				F400A466258E6AE00081CCD8 /* UpdateGoalResponse.swift */,
			);
			path = "Update Goal";
			sourceTree = "<group>";
		};
		F400A499258E6DB50081CCD8 /* Fonts */ = {
			isa = PBXGroup;
			children = (
				F400A49D258E6DE00081CCD8 /* Montserrat-Black.ttf */,
				F400A4A0258E6DE00081CCD8 /* Montserrat-Bold.ttf */,
				F400A4A2258E6DE00081CCD8 /* Montserrat-ExtraBold.ttf */,
				F400A49B258E6DE00081CCD8 /* Montserrat-ExtraLight.ttf */,
				F400A49F258E6DE00081CCD8 /* Montserrat-Light.ttf */,
				F400A49E258E6DE00081CCD8 /* Montserrat-Medium.ttf */,
				F400A49C258E6DE00081CCD8 /* Montserrat-Regular.ttf */,
				F400A4A1258E6DE00081CCD8 /* Montserrat-SemiBold.ttf */,
				F400A49A258E6DE00081CCD8 /* Montserrat-Thin.ttf */,
			);
			path = Fonts;
			sourceTree = "<group>";
		};
		F400A4FD258E6F680081CCD8 /* Views */ = {
			isa = PBXGroup;
			children = (
				F400A4FE258E6F760081CCD8 /* Base */,
				F400A500258E6F8B0081CCD8 /* Custom */,
				F400A4FF258E6F7B0081CCD8 /* Cells */,
			);
			path = Views;
			sourceTree = "<group>";
		};
		F400A4FE258E6F760081CCD8 /* Base */ = {
			isa = PBXGroup;
			children = (
				F41845692593DF4E00E7F0A0 /* BaseCollectionCell.swift */,
				F400A50B258E6FCB0081CCD8 /* BaseTableCell.swift */,
				F400A506258E6FC30081CCD8 /* BaseView.swift */,
			);
			path = Base;
			sourceTree = "<group>";
		};
		F400A4FF258E6F7B0081CCD8 /* Cells */ = {
			isa = PBXGroup;
			children = (
				F41845612593DEDF00E7F0A0 /* DayCell.swift */,
				F400A513258E71440081CCD8 /* GoalCell.swift */,
				F401588E25945E3A006F3CF4 /* GoalProgressBarCell.swift */,
				F4BEE74E258F8C4E0027028E /* TextFieldCell.swift */,
			);
			path = Cells;
			sourceTree = "<group>";
		};
		F400A500258E6F8B0081CCD8 /* Custom */ = {
			isa = PBXGroup;
			children = (
				F401589725945F3D006F3CF4 /* HorizontalProgressBar.swift */,
				F400A501258E6F9C0081CCD8 /* ZeroView.swift */,
			);
			path = Custom;
			sourceTree = "<group>";
		};
		F418452E2593D5AF00E7F0A0 /* Calendar */ = {
			isa = PBXGroup;
			children = (
				F41845392593D5D700E7F0A0 /* CalendarCoordinator.swift */,
				F418452F2593D5BF00E7F0A0 /* CalendarViewController.swift */,
				F41845342593D5CB00E7F0A0 /* CalendarViewModel.swift */,
			);
			path = Calendar;
			sourceTree = "<group>";
		};
		F43BA108258E139A009BFF93 /* Supporting Files */ = {
			isa = PBXGroup;
			children = (
				F497503A258E035E00259DAC /* AppDelegate.swift */,
				F4975045258E035F00259DAC /* LaunchScreen.storyboard */,
				F4AE2F30258E155F005E77AB /* Info-Debug.plist */,
				F4AE2F31258E155F005E77AB /* Info-Release.plist */,
				F444B7F3258E151D00AEFC85 /* Assets */,
				F46F3575258E2B4D007CD3E4 /* Constants */,
				F4AE2F40258E197D005E77AB /* Keys */,
			);
			path = "Supporting Files";
			sourceTree = "<group>";
		};
		F444B7F3258E151D00AEFC85 /* Assets */ = {
			isa = PBXGroup;
			children = (
				F4975043258E035F00259DAC /* Assets.xcassets */,
				F400A494258E6D310081CCD8 /* Colors.xcassets */,
				F400A499258E6DB50081CCD8 /* Fonts */,
			);
			path = Assets;
			sourceTree = "<group>";
		};
		F46F3545258E26C2007CD3E4 /* Goal Detail */ = {
			isa = PBXGroup;
			children = (
				F46F3546258E26D4007CD3E4 /* GoalDetailCoordinator.swift */,
				F46F354B258E26F1007CD3E4 /* GoalDetailViewController.swift */,
				F46F3550258E271B007CD3E4 /* GoalDetailViewModel.swift */,
			);
			path = "Goal Detail";
			sourceTree = "<group>";
		};
		F46F355F258E281D007CD3E4 /* Goals */ = {
			isa = PBXGroup;
			children = (
				F46F3560258E282D007CD3E4 /* GoalServices.swift */,
				F400A44D258E67C90081CCD8 /* Create Goal */,
				F4BD2906258E5DBD00691D68 /* Delete Goal */,
				F46F356A258E29B4007CD3E4 /* Get Goals */,
				F400A460258E6AC80081CCD8 /* Update Goal */,
			);
			path = Goals;
			sourceTree = "<group>";
		};
		F46F356A258E29B4007CD3E4 /* Get Goals */ = {
			isa = PBXGroup;
			children = (
				F46F356B258E29CF007CD3E4 /* GetGoalsRequest.swift */,
				F46F3570258E29E2007CD3E4 /* GetGoalsResponse.swift */,
			);
			path = "Get Goals";
			sourceTree = "<group>";
		};
		F46F3575258E2B4D007CD3E4 /* Constants */ = {
			isa = PBXGroup;
			children = (
				F400A47A258E6C830081CCD8 /* Constants.swift */,
			);
			path = Constants;
			sourceTree = "<group>";
		};
		F484BB922594F6CF0021E7DD /* Profile */ = {
			isa = PBXGroup;
			children = (
				F484BBA02594F6FB0021E7DD /* ProfileCoordinator.swift */,
				F484BB932594F6E10021E7DD /* ProfileViewController.swift */,
				F484BB9B2594F6EC0021E7DD /* ProfileViewModel.swift */,
			);
			path = Profile;
			sourceTree = "<group>";
		};
		F497502E258E035E00259DAC = {
			isa = PBXGroup;
			children = (
				F4975039258E035E00259DAC /* myday */,
				F4975050258E035F00259DAC /* mydayTests */,
				F497505B258E035F00259DAC /* mydayUITests */,
				F4975038258E035E00259DAC /* Products */,
				36FE966B58B109C1424579B0 /* Pods */,
				300C91E7A21A4CB20641526E /* Frameworks */,
			);
			sourceTree = "<group>";
		};
		F4975038258E035E00259DAC /* Products */ = {
			isa = PBXGroup;
			children = (
				F4975037258E035E00259DAC /* My Day Dev.app */,
				F497504D258E035F00259DAC /* mydayTests.xctest */,
				F4975058258E035F00259DAC /* mydayUITests.xctest */,
			);
			name = Products;
			sourceTree = "<group>";
		};
		F4975039258E035E00259DAC /* myday */ = {
			isa = PBXGroup;
			children = (
				F49880A5258E1C8D00C3EF2D /* Models */,
				F400A4FD258E6F680081CCD8 /* Views */,
				F49880A6258E1CD500C3EF2D /* Modules */,
				F49880A4258E1C7D00C3EF2D /* Services */,
				F49880A3258E1C7500C3EF2D /* Managers */,
				F49880A2258E1C6C00C3EF2D /* Extensions */,
				F49880A1258E1C4400C3EF2D /* Utilities */,
				F43BA108258E139A009BFF93 /* Supporting Files */,
			);
			path = myday;
			sourceTree = "<group>";
		};
		F4975050258E035F00259DAC /* mydayTests */ = {
			isa = PBXGroup;
			children = (
				F4975051258E035F00259DAC /* mydayTests.swift */,
				F4975053258E035F00259DAC /* Info.plist */,
			);
			path = mydayTests;
			sourceTree = "<group>";
		};
		F497505B258E035F00259DAC /* mydayUITests */ = {
			isa = PBXGroup;
			children = (
				F497505C258E035F00259DAC /* mydayUITests.swift */,
				F497505E258E035F00259DAC /* Info.plist */,
			);
			path = mydayUITests;
			sourceTree = "<group>";
		};
		F49880A1258E1C4400C3EF2D /* Utilities */ = {
			isa = PBXGroup;
			children = (
				F41845262593BE7D00E7F0A0 /* Enums.swift */,
				F400A482258E6C980081CCD8 /* Images.swift */,
				F400A487258E6CC40081CCD8 /* Theme.swift */,
				F400A48F258E6D080081CCD8 /* Utility.swift */,
			);
			path = Utilities;
			sourceTree = "<group>";
		};
		F49880A2258E1C6C00C3EF2D /* Extensions */ = {
			isa = PBXGroup;
			children = (
				F41845592593DBDF00E7F0A0 /* Date+Extensions.swift */,
				F400A45B258E699E0081CCD8 /* Encodable+Extensions.swift */,
				F4BEE762258F97A80027028E /* Notification+Extensions.swift */,
				F400A46B258E6C160081CCD8 /* String+Extensions.swift */,
				F400A475258E6C4D0081CCD8 /* UIColor+Extensions.swift */,
				F400A470258E6C400081CCD8 /* UIView+Extensions.swift */,
			);
			path = Extensions;
			sourceTree = "<group>";
		};
		F49880A3258E1C7500C3EF2D /* Managers */ = {
			isa = PBXGroup;
			children = (
				F473E534258F4DD600FB36F8 /* AuthenticationManager.swift */,
				F400A4D5258E6EF60081CCD8 /* ExternalNavigationManager.swift */,
				F46F355A258E2807007CD3E4 /* FirestoreManager.swift */,
			);
			path = Managers;
			sourceTree = "<group>";
		};
		F49880A4258E1C7D00C3EF2D /* Services */ = {
			isa = PBXGroup;
			children = (
				F46F3565258E2907007CD3E4 /* BaseService.swift */,
				F46F355F258E281D007CD3E4 /* Goals */,
			);
			path = Services;
			sourceTree = "<group>";
		};
		F49880A5258E1C8D00C3EF2D /* Models */ = {
			isa = PBXGroup;
			children = (
				F46F3555258E272F007CD3E4 /* Goal.swift */,
			);
			path = Models;
			sourceTree = "<group>";
		};
		F49880A6258E1CD500C3EF2D /* Modules */ = {
			isa = PBXGroup;
			children = (
				F49880DF258E1EC100C3EF2D /* Application */,
				F49880BE258E1DAF00C3EF2D /* Base */,
				F418452E2593D5AF00E7F0A0 /* Calendar */,
				F46F3545258E26C2007CD3E4 /* Goal Detail */,
				F49880AB258E1D8B00C3EF2D /* Home */,
				F484BB922594F6CF0021E7DD /* Profile */,
				F400A43A258E662E0081CCD8 /* Settings */,
				F400A42A258E65580081CCD8 /* Splash */,
			);
			path = Modules;
			sourceTree = "<group>";
		};
		F49880AB258E1D8B00C3EF2D /* Home */ = {
			isa = PBXGroup;
			children = (
				F49880B4258E1DA000C3EF2D /* HomeCoordinator.swift */,
				F49880AF258E1D9800C3EF2D /* HomeViewController.swift */,
				F49880B9258E1DA800C3EF2D /* HomeViewModel.swift */,
			);
			path = Home;
			sourceTree = "<group>";
		};
		F49880BE258E1DAF00C3EF2D /* Base */ = {
			isa = PBXGroup;
			children = (
				F49880C9258E1DC500C3EF2D /* BaseCoordinator.swift */,
				F49880CE258E1DD800C3EF2D /* BaseNavigationController.swift */,
				F49880BF258E1DB700C3EF2D /* BaseViewController.swift */,
				F49880C4258E1DBE00C3EF2D /* BaseViewModel.swift */,
			);
			path = Base;
			sourceTree = "<group>";
		};
		F49880DF258E1EC100C3EF2D /* Application */ = {
			isa = PBXGroup;
			children = (
				F49880E0258E1ECE00C3EF2D /* ApplicationCoordinator.swift */,
			);
			path = Application;
			sourceTree = "<group>";
		};
		F4AE2F40258E197D005E77AB /* Keys */ = {
			isa = PBXGroup;
			children = (
				F4AE2F41258E1996005E77AB /* GoogleService-Info-Debug.plist */,
				F41CE19B258E74B800D0F36E /* GoogleService-Info-Release.plist */,
			);
			path = Keys;
			sourceTree = "<group>";
		};
		F4BD2906258E5DBD00691D68 /* Delete Goal */ = {
			isa = PBXGroup;
			children = (
				F4BD2907258E5DD000691D68 /* DeleteGoalRequest.swift */,
				F4BD290F258E5DD800691D68 /* DeleteGoalResponse.swift */,
			);
			path = "Delete Goal";
			sourceTree = "<group>";
		};
/* End PBXGroup section */

/* Begin PBXNativeTarget section */
		F4975036258E035E00259DAC /* myday */ = {
			isa = PBXNativeTarget;
			buildConfigurationList = F4975061258E035F00259DAC /* Build configuration list for PBXNativeTarget "myday" */;
			buildPhases = (
				C81E979808F2D9B94125B157 /* [CP] Check Pods Manifest.lock */,
				F4975033258E035E00259DAC /* Sources */,
				F4975034258E035E00259DAC /* Frameworks */,
				F4975035258E035E00259DAC /* Resources */,
				F41CE1BF258E785500D0F36E /* SwiftLint */,
				F4AE2F46258E1A10005E77AB /* Firebase */,
				F4AE2F47258E1A32005E77AB /* Crashlytics */,
				5B84124A39CA7A8DBDC1D3B7 /* [CP] Embed Pods Frameworks */,
			);
			buildRules = (
			);
			dependencies = (
			);
			name = myday;
			packageProductDependencies = (
				F4AE2F49258E1A7C005E77AB /* SnapKit */,
				F41845212593B3DA00E7F0A0 /* SwiftMessages */,
			);
			productName = myday;
			productReference = F4975037258E035E00259DAC /* My Day Dev.app */;
			productType = "com.apple.product-type.application";
		};
		F497504C258E035F00259DAC /* mydayTests */ = {
			isa = PBXNativeTarget;
			buildConfigurationList = F4975064258E035F00259DAC /* Build configuration list for PBXNativeTarget "mydayTests" */;
			buildPhases = (
				89C0B1FFFD958D8AB60DCBAB /* [CP] Check Pods Manifest.lock */,
				F4975049258E035F00259DAC /* Sources */,
				F497504A258E035F00259DAC /* Frameworks */,
				F497504B258E035F00259DAC /* Resources */,
			);
			buildRules = (
			);
			dependencies = (
				F497504F258E035F00259DAC /* PBXTargetDependency */,
			);
			name = mydayTests;
			productName = mydayTests;
			productReference = F497504D258E035F00259DAC /* mydayTests.xctest */;
			productType = "com.apple.product-type.bundle.unit-test";
		};
		F4975057258E035F00259DAC /* mydayUITests */ = {
			isa = PBXNativeTarget;
			buildConfigurationList = F4975067258E035F00259DAC /* Build configuration list for PBXNativeTarget "mydayUITests" */;
			buildPhases = (
				9975C82166B4FD04E4FEB528 /* [CP] Check Pods Manifest.lock */,
				F4975054258E035F00259DAC /* Sources */,
				F4975055258E035F00259DAC /* Frameworks */,
				F4975056258E035F00259DAC /* Resources */,
				E0051DC6966C25C5996BD5E4 /* [CP] Embed Pods Frameworks */,
			);
			buildRules = (
			);
			dependencies = (
				F497505A258E035F00259DAC /* PBXTargetDependency */,
			);
			name = mydayUITests;
			productName = mydayUITests;
			productReference = F4975058258E035F00259DAC /* mydayUITests.xctest */;
			productType = "com.apple.product-type.bundle.ui-testing";
		};
/* End PBXNativeTarget section */

/* Begin PBXProject section */
		F497502F258E035E00259DAC /* Project object */ = {
			isa = PBXProject;
			attributes = {
				LastSwiftUpdateCheck = 1230;
				LastUpgradeCheck = 1230;
				TargetAttributes = {
					F4975036258E035E00259DAC = {
						CreatedOnToolsVersion = 12.3;
					};
					F497504C258E035F00259DAC = {
						CreatedOnToolsVersion = 12.3;
						TestTargetID = F4975036258E035E00259DAC;
					};
					F4975057258E035F00259DAC = {
						CreatedOnToolsVersion = 12.3;
						TestTargetID = F4975036258E035E00259DAC;
					};
				};
			};
			buildConfigurationList = F4975032258E035E00259DAC /* Build configuration list for PBXProject "myday" */;
			compatibilityVersion = "Xcode 12.0";
			developmentRegion = en;
			hasScannedForEncodings = 0;
			knownRegions = (
				en,
				Base,
			);
			mainGroup = F497502E258E035E00259DAC;
			packageReferences = (
				F4AE2F48258E1A7C005E77AB /* XCRemoteSwiftPackageReference "SnapKit" */,
				F41845202593B3DA00E7F0A0 /* XCRemoteSwiftPackageReference "SwiftMessages" */,
			);
			productRefGroup = F4975038258E035E00259DAC /* Products */;
			projectDirPath = "";
			projectRoot = "";
			targets = (
				F4975036258E035E00259DAC /* myday */,
				F497504C258E035F00259DAC /* mydayTests */,
				F4975057258E035F00259DAC /* mydayUITests */,
			);
		};
/* End PBXProject section */

/* Begin PBXResourcesBuildPhase section */
		F4975035258E035E00259DAC /* Resources */ = {
			isa = PBXResourcesBuildPhase;
			buildActionMask = 2147483647;
			files = (
				F400A4A8258E6DE00081CCD8 /* Montserrat-Light.ttf in Resources */,
				F400A4A3258E6DE00081CCD8 /* Montserrat-Thin.ttf in Resources */,
				F400A4A6258E6DE00081CCD8 /* Montserrat-Black.ttf in Resources */,
				F400A4A4258E6DE00081CCD8 /* Montserrat-ExtraLight.ttf in Resources */,
				F400A4A5258E6DE00081CCD8 /* Montserrat-Regular.ttf in Resources */,
				F4975047258E035F00259DAC /* LaunchScreen.storyboard in Resources */,
				F41CE19C258E74B800D0F36E /* GoogleService-Info-Release.plist in Resources */,
				F400A4AA258E6DE00081CCD8 /* Montserrat-SemiBold.ttf in Resources */,
				F400A495258E6D310081CCD8 /* Colors.xcassets in Resources */,
				F400A4AB258E6DE00081CCD8 /* Montserrat-ExtraBold.ttf in Resources */,
				F4975044258E035F00259DAC /* Assets.xcassets in Resources */,
				F400A4A7258E6DE00081CCD8 /* Montserrat-Medium.ttf in Resources */,
				F400A4A9258E6DE00081CCD8 /* Montserrat-Bold.ttf in Resources */,
				F4AE2F42258E1996005E77AB /* GoogleService-Info-Debug.plist in Resources */,
			);
			runOnlyForDeploymentPostprocessing = 0;
		};
		F497504B258E035F00259DAC /* Resources */ = {
			isa = PBXResourcesBuildPhase;
			buildActionMask = 2147483647;
			files = (
			);
			runOnlyForDeploymentPostprocessing = 0;
		};
		F4975056258E035F00259DAC /* Resources */ = {
			isa = PBXResourcesBuildPhase;
			buildActionMask = 2147483647;
			files = (
			);
			runOnlyForDeploymentPostprocessing = 0;
		};
/* End PBXResourcesBuildPhase section */

/* Begin PBXShellScriptBuildPhase section */
		5B84124A39CA7A8DBDC1D3B7 /* [CP] Embed Pods Frameworks */ = {
			isa = PBXShellScriptBuildPhase;
			buildActionMask = 2147483647;
			files = (
			);
			inputFileListPaths = (
				"${PODS_ROOT}/Target Support Files/Pods-myday/Pods-myday-frameworks-${CONFIGURATION}-input-files.xcfilelist",
			);
			name = "[CP] Embed Pods Frameworks";
			outputFileListPaths = (
				"${PODS_ROOT}/Target Support Files/Pods-myday/Pods-myday-frameworks-${CONFIGURATION}-output-files.xcfilelist",
			);
			runOnlyForDeploymentPostprocessing = 0;
			shellPath = /bin/sh;
			shellScript = "\"${PODS_ROOT}/Target Support Files/Pods-myday/Pods-myday-frameworks.sh\"\n";
			showEnvVarsInLog = 0;
		};
		89C0B1FFFD958D8AB60DCBAB /* [CP] Check Pods Manifest.lock */ = {
			isa = PBXShellScriptBuildPhase;
			buildActionMask = 2147483647;
			files = (
			);
			inputFileListPaths = (
			);
			inputPaths = (
				"${PODS_PODFILE_DIR_PATH}/Podfile.lock",
				"${PODS_ROOT}/Manifest.lock",
			);
			name = "[CP] Check Pods Manifest.lock";
			outputFileListPaths = (
			);
			outputPaths = (
				"$(DERIVED_FILE_DIR)/Pods-mydayTests-checkManifestLockResult.txt",
			);
			runOnlyForDeploymentPostprocessing = 0;
			shellPath = /bin/sh;
			shellScript = "diff \"${PODS_PODFILE_DIR_PATH}/Podfile.lock\" \"${PODS_ROOT}/Manifest.lock\" > /dev/null\nif [ $? != 0 ] ; then\n    # print error to STDERR\n    echo \"error: The sandbox is not in sync with the Podfile.lock. Run 'pod install' or update your CocoaPods installation.\" >&2\n    exit 1\nfi\n# This output is used by Xcode 'outputs' to avoid re-running this script phase.\necho \"SUCCESS\" > \"${SCRIPT_OUTPUT_FILE_0}\"\n";
			showEnvVarsInLog = 0;
		};
		9975C82166B4FD04E4FEB528 /* [CP] Check Pods Manifest.lock */ = {
			isa = PBXShellScriptBuildPhase;
			buildActionMask = 2147483647;
			files = (
			);
			inputFileListPaths = (
			);
			inputPaths = (
				"${PODS_PODFILE_DIR_PATH}/Podfile.lock",
				"${PODS_ROOT}/Manifest.lock",
			);
			name = "[CP] Check Pods Manifest.lock";
			outputFileListPaths = (
			);
			outputPaths = (
				"$(DERIVED_FILE_DIR)/Pods-myday-mydayUITests-checkManifestLockResult.txt",
			);
			runOnlyForDeploymentPostprocessing = 0;
			shellPath = /bin/sh;
			shellScript = "diff \"${PODS_PODFILE_DIR_PATH}/Podfile.lock\" \"${PODS_ROOT}/Manifest.lock\" > /dev/null\nif [ $? != 0 ] ; then\n    # print error to STDERR\n    echo \"error: The sandbox is not in sync with the Podfile.lock. Run 'pod install' or update your CocoaPods installation.\" >&2\n    exit 1\nfi\n# This output is used by Xcode 'outputs' to avoid re-running this script phase.\necho \"SUCCESS\" > \"${SCRIPT_OUTPUT_FILE_0}\"\n";
			showEnvVarsInLog = 0;
		};
		C81E979808F2D9B94125B157 /* [CP] Check Pods Manifest.lock */ = {
			isa = PBXShellScriptBuildPhase;
			buildActionMask = 2147483647;
			files = (
			);
			inputFileListPaths = (
			);
			inputPaths = (
				"${PODS_PODFILE_DIR_PATH}/Podfile.lock",
				"${PODS_ROOT}/Manifest.lock",
			);
			name = "[CP] Check Pods Manifest.lock";
			outputFileListPaths = (
			);
			outputPaths = (
				"$(DERIVED_FILE_DIR)/Pods-myday-checkManifestLockResult.txt",
			);
			runOnlyForDeploymentPostprocessing = 0;
			shellPath = /bin/sh;
			shellScript = "diff \"${PODS_PODFILE_DIR_PATH}/Podfile.lock\" \"${PODS_ROOT}/Manifest.lock\" > /dev/null\nif [ $? != 0 ] ; then\n    # print error to STDERR\n    echo \"error: The sandbox is not in sync with the Podfile.lock. Run 'pod install' or update your CocoaPods installation.\" >&2\n    exit 1\nfi\n# This output is used by Xcode 'outputs' to avoid re-running this script phase.\necho \"SUCCESS\" > \"${SCRIPT_OUTPUT_FILE_0}\"\n";
			showEnvVarsInLog = 0;
		};
		E0051DC6966C25C5996BD5E4 /* [CP] Embed Pods Frameworks */ = {
			isa = PBXShellScriptBuildPhase;
			buildActionMask = 2147483647;
			files = (
			);
			inputFileListPaths = (
				"${PODS_ROOT}/Target Support Files/Pods-myday-mydayUITests/Pods-myday-mydayUITests-frameworks-${CONFIGURATION}-input-files.xcfilelist",
			);
			name = "[CP] Embed Pods Frameworks";
			outputFileListPaths = (
				"${PODS_ROOT}/Target Support Files/Pods-myday-mydayUITests/Pods-myday-mydayUITests-frameworks-${CONFIGURATION}-output-files.xcfilelist",
			);
			runOnlyForDeploymentPostprocessing = 0;
			shellPath = /bin/sh;
			shellScript = "\"${PODS_ROOT}/Target Support Files/Pods-myday-mydayUITests/Pods-myday-mydayUITests-frameworks.sh\"\n";
			showEnvVarsInLog = 0;
		};
		F41CE1BF258E785500D0F36E /* SwiftLint */ = {
			isa = PBXShellScriptBuildPhase;
			buildActionMask = 2147483647;
			files = (
			);
			inputFileListPaths = (
			);
			inputPaths = (
			);
			name = SwiftLint;
			outputFileListPaths = (
			);
			outputPaths = (
			);
			runOnlyForDeploymentPostprocessing = 0;
			shellPath = /bin/sh;
			shellScript = "if which swiftlint >/dev/null; then\n  swiftlint\nelse\n  echo \"warning: SwiftLint not installed, download from https://github.com/realm/SwiftLint\"\nfi\n";
		};
		F4AE2F46258E1A10005E77AB /* Firebase */ = {
			isa = PBXShellScriptBuildPhase;
			buildActionMask = 2147483647;
			files = (
			);
			inputFileListPaths = (
			);
			inputPaths = (
			);
			name = Firebase;
			outputFileListPaths = (
			);
			outputPaths = (
			);
			runOnlyForDeploymentPostprocessing = 0;
			shellPath = /bin/sh;
			shellScript = "PATH_TO_GOOGLE_PLISTS=\"${PROJECT_DIR}/myday/Supporting Files/Keys\"\n\ncase \"${CONFIGURATION}\" in\n\n   \"Debug\" )\n        cp -r \"$PATH_TO_GOOGLE_PLISTS/GoogleService-Info-Debug.plist\" \"${BUILT_PRODUCTS_DIR}/${PRODUCT_NAME}.app/GoogleService-Info.plist\" ;;\n\n   \"Release\" )\n        cp -r \"$PATH_TO_GOOGLE_PLISTS/GoogleService-Info-Release.plist\" \"${BUILT_PRODUCTS_DIR}/${PRODUCT_NAME}.app/GoogleService-Info.plist\" ;;\n\n    *)\n        ;;\nesac\n";
		};
		F4AE2F47258E1A32005E77AB /* Crashlytics */ = {
			isa = PBXShellScriptBuildPhase;
			buildActionMask = 2147483647;
			files = (
			);
			inputFileListPaths = (
			);
			inputPaths = (
				"${DWARF_DSYM_FOLDER_PATH}/${DWARF_DSYM_FILE_NAME}/Contents/Resources/DWARF/${TARGET_NAME}",
				"$(SRCROOT)/$(BUILT_PRODUCTS_DIR)/$(INFOPLIST_PATH)",
			);
			name = Crashlytics;
			outputFileListPaths = (
			);
			outputPaths = (
			);
			runOnlyForDeploymentPostprocessing = 0;
			shellPath = /bin/sh;
			shellScript = "\"${PODS_ROOT}/FirebaseCrashlytics/run\"\n";
		};
/* End PBXShellScriptBuildPhase section */

/* Begin PBXSourcesBuildPhase section */
		F4975033258E035E00259DAC /* Sources */ = {
			isa = PBXSourcesBuildPhase;
			buildActionMask = 2147483647;
			files = (
				F41845302593D5BF00E7F0A0 /* CalendarViewController.swift in Sources */,
				F49880CF258E1DD800C3EF2D /* BaseNavigationController.swift in Sources */,
				F400A43C258E663D0081CCD8 /* SettingsCoordinator.swift in Sources */,
				F46F355B258E2807007CD3E4 /* FirestoreManager.swift in Sources */,
				F4BD2908258E5DD000691D68 /* DeleteGoalRequest.swift in Sources */,
				F400A502258E6F9C0081CCD8 /* ZeroView.swift in Sources */,
				F400A46C258E6C160081CCD8 /* String+Extensions.swift in Sources */,
				F46F3571258E29E2007CD3E4 /* GetGoalsResponse.swift in Sources */,
				F484BBA12594F6FB0021E7DD /* ProfileCoordinator.swift in Sources */,
				F418455A2593DBDF00E7F0A0 /* Date+Extensions.swift in Sources */,
				F400A490258E6D080081CCD8 /* Utility.swift in Sources */,
				F400A457258E67E70081CCD8 /* CreateGoalResponse.swift in Sources */,
				F46F3561258E282D007CD3E4 /* GoalServices.swift in Sources */,
				F46F356C258E29CF007CD3E4 /* GetGoalsRequest.swift in Sources */,
				F49880B0258E1D9800C3EF2D /* HomeViewController.swift in Sources */,
				F41845352593D5CB00E7F0A0 /* CalendarViewModel.swift in Sources */,
				F418453A2593D5D700E7F0A0 /* CalendarCoordinator.swift in Sources */,
				F400A444258E66490081CCD8 /* SettingsViewController.swift in Sources */,
				F473E535258F4DD600FB36F8 /* AuthenticationManager.swift in Sources */,
				F4BEE74F258F8C4E0027028E /* TextFieldCell.swift in Sources */,
				F400A44F258E67DF0081CCD8 /* CreateGoalRequest.swift in Sources */,
				F46F3551258E271B007CD3E4 /* GoalDetailViewModel.swift in Sources */,
				F400A483258E6C980081CCD8 /* Images.swift in Sources */,
				F4BEE763258F97A80027028E /* Notification+Extensions.swift in Sources */,
				F4BD2910258E5DD800691D68 /* DeleteGoalResponse.swift in Sources */,
				F41845272593BE7D00E7F0A0 /* Enums.swift in Sources */,
				F400A462258E6AD70081CCD8 /* UpdateGoalRequest.swift in Sources */,
				F400A476258E6C4D0081CCD8 /* UIColor+Extensions.swift in Sources */,
				F400A50C258E6FCB0081CCD8 /* BaseTableCell.swift in Sources */,
				F400A507258E6FC30081CCD8 /* BaseView.swift in Sources */,
				F401588F25945E3A006F3CF4 /* GoalProgressBarCell.swift in Sources */,
				F46F3547258E26D4007CD3E4 /* GoalDetailCoordinator.swift in Sources */,
				F401589825945F3D006F3CF4 /* HorizontalProgressBar.swift in Sources */,
				F41845622593DEDF00E7F0A0 /* DayCell.swift in Sources */,
				F400A4D6258E6EF60081CCD8 /* ExternalNavigationManager.swift in Sources */,
				F400A467258E6AE00081CCD8 /* UpdateGoalResponse.swift in Sources */,
				F497503B258E035E00259DAC /* AppDelegate.swift in Sources */,
				F49880C0258E1DB700C3EF2D /* BaseViewController.swift in Sources */,
				F46F3566258E2907007CD3E4 /* BaseService.swift in Sources */,
				F49880B5258E1DA000C3EF2D /* HomeCoordinator.swift in Sources */,
				F484BB9C2594F6EC0021E7DD /* ProfileViewModel.swift in Sources */,
				F400A471258E6C400081CCD8 /* UIView+Extensions.swift in Sources */,
				F49880E1258E1ECE00C3EF2D /* ApplicationCoordinator.swift in Sources */,
				F400A488258E6CC40081CCD8 /* Theme.swift in Sources */,
				F46F3556258E272F007CD3E4 /* Goal.swift in Sources */,
				F400A514258E71440081CCD8 /* GoalCell.swift in Sources */,
				F400A47B258E6C830081CCD8 /* Constants.swift in Sources */,
				F49880CA258E1DC500C3EF2D /* BaseCoordinator.swift in Sources */,
				F484BB942594F6E10021E7DD /* ProfileViewController.swift in Sources */,
				F46F354C258E26F1007CD3E4 /* GoalDetailViewController.swift in Sources */,
				F400A42C258E65670081CCD8 /* SplashCoordinator.swift in Sources */,
				F400A45C258E699E0081CCD8 /* Encodable+Extensions.swift in Sources */,
				F418456A2593DF4E00E7F0A0 /* BaseCollectionCell.swift in Sources */,
				F400A449258E66520081CCD8 /* SettingsViewModel.swift in Sources */,
				F49880BA258E1DA800C3EF2D /* HomeViewModel.swift in Sources */,
				F49880C5258E1DBE00C3EF2D /* BaseViewModel.swift in Sources */,
				F400A436258E65F70081CCD8 /* SplashViewModel.swift in Sources */,
				F400A431258E65EC0081CCD8 /* SplashViewController.swift in Sources */,
			);
			runOnlyForDeploymentPostprocessing = 0;
		};
		F4975049258E035F00259DAC /* Sources */ = {
			isa = PBXSourcesBuildPhase;
			buildActionMask = 2147483647;
			files = (
				F4975052258E035F00259DAC /* mydayTests.swift in Sources */,
			);
			runOnlyForDeploymentPostprocessing = 0;
		};
		F4975054258E035F00259DAC /* Sources */ = {
			isa = PBXSourcesBuildPhase;
			buildActionMask = 2147483647;
			files = (
				F497505D258E035F00259DAC /* mydayUITests.swift in Sources */,
			);
			runOnlyForDeploymentPostprocessing = 0;
		};
/* End PBXSourcesBuildPhase section */

/* Begin PBXTargetDependency section */
		F497504F258E035F00259DAC /* PBXTargetDependency */ = {
			isa = PBXTargetDependency;
			target = F4975036258E035E00259DAC /* myday */;
			targetProxy = F497504E258E035F00259DAC /* PBXContainerItemProxy */;
		};
		F497505A258E035F00259DAC /* PBXTargetDependency */ = {
			isa = PBXTargetDependency;
			target = F4975036258E035E00259DAC /* myday */;
			targetProxy = F4975059258E035F00259DAC /* PBXContainerItemProxy */;
		};
/* End PBXTargetDependency section */

/* Begin PBXVariantGroup section */
		F4975045258E035F00259DAC /* LaunchScreen.storyboard */ = {
			isa = PBXVariantGroup;
			children = (
				F4975046258E035F00259DAC /* Base */,
			);
			name = LaunchScreen.storyboard;
			sourceTree = "<group>";
		};
/* End PBXVariantGroup section */

/* Begin XCBuildConfiguration section */
		F497505F258E035F00259DAC /* Debug */ = {
			isa = XCBuildConfiguration;
			buildSettings = {
				ALWAYS_SEARCH_USER_PATHS = NO;
				CLANG_ANALYZER_NONNULL = YES;
				CLANG_ANALYZER_NUMBER_OBJECT_CONVERSION = YES_AGGRESSIVE;
				CLANG_CXX_LANGUAGE_STANDARD = "gnu++14";
				CLANG_CXX_LIBRARY = "libc++";
				CLANG_ENABLE_MODULES = YES;
				CLANG_ENABLE_OBJC_ARC = YES;
				CLANG_ENABLE_OBJC_WEAK = YES;
				CLANG_WARN_BLOCK_CAPTURE_AUTORELEASING = YES;
				CLANG_WARN_BOOL_CONVERSION = YES;
				CLANG_WARN_COMMA = YES;
				CLANG_WARN_CONSTANT_CONVERSION = YES;
				CLANG_WARN_DEPRECATED_OBJC_IMPLEMENTATIONS = YES;
				CLANG_WARN_DIRECT_OBJC_ISA_USAGE = YES_ERROR;
				CLANG_WARN_DOCUMENTATION_COMMENTS = YES;
				CLANG_WARN_EMPTY_BODY = YES;
				CLANG_WARN_ENUM_CONVERSION = YES;
				CLANG_WARN_INFINITE_RECURSION = YES;
				CLANG_WARN_INT_CONVERSION = YES;
				CLANG_WARN_NON_LITERAL_NULL_CONVERSION = YES;
				CLANG_WARN_OBJC_IMPLICIT_RETAIN_SELF = YES;
				CLANG_WARN_OBJC_LITERAL_CONVERSION = YES;
				CLANG_WARN_OBJC_ROOT_CLASS = YES_ERROR;
				CLANG_WARN_QUOTED_INCLUDE_IN_FRAMEWORK_HEADER = YES;
				CLANG_WARN_RANGE_LOOP_ANALYSIS = YES;
				CLANG_WARN_STRICT_PROTOTYPES = YES;
				CLANG_WARN_SUSPICIOUS_MOVE = YES;
				CLANG_WARN_UNGUARDED_AVAILABILITY = YES_AGGRESSIVE;
				CLANG_WARN_UNREACHABLE_CODE = YES;
				CLANG_WARN__DUPLICATE_METHOD_MATCH = YES;
				COPY_PHASE_STRIP = NO;
				DEBUG_INFORMATION_FORMAT = dwarf;
				ENABLE_STRICT_OBJC_MSGSEND = YES;
				ENABLE_TESTABILITY = YES;
				GCC_C_LANGUAGE_STANDARD = gnu11;
				GCC_DYNAMIC_NO_PIC = NO;
				GCC_NO_COMMON_BLOCKS = YES;
				GCC_OPTIMIZATION_LEVEL = 0;
				GCC_PREPROCESSOR_DEFINITIONS = (
					"DEBUG=1",
					"$(inherited)",
				);
				GCC_WARN_64_TO_32_BIT_CONVERSION = YES;
				GCC_WARN_ABOUT_RETURN_TYPE = YES_ERROR;
				GCC_WARN_UNDECLARED_SELECTOR = YES;
				GCC_WARN_UNINITIALIZED_AUTOS = YES_AGGRESSIVE;
				GCC_WARN_UNUSED_FUNCTION = YES;
				GCC_WARN_UNUSED_VARIABLE = YES;
				IPHONEOS_DEPLOYMENT_TARGET = 13.0;
				MTL_ENABLE_DEBUG_INFO = INCLUDE_SOURCE;
				MTL_FAST_MATH = YES;
				ONLY_ACTIVE_ARCH = YES;
				SDKROOT = iphoneos;
				SWIFT_ACTIVE_COMPILATION_CONDITIONS = DEBUG;
				SWIFT_OPTIMIZATION_LEVEL = "-Onone";
			};
			name = Debug;
		};
		F4975060258E035F00259DAC /* Release */ = {
			isa = XCBuildConfiguration;
			buildSettings = {
				ALWAYS_SEARCH_USER_PATHS = NO;
				CLANG_ANALYZER_NONNULL = YES;
				CLANG_ANALYZER_NUMBER_OBJECT_CONVERSION = YES_AGGRESSIVE;
				CLANG_CXX_LANGUAGE_STANDARD = "gnu++14";
				CLANG_CXX_LIBRARY = "libc++";
				CLANG_ENABLE_MODULES = YES;
				CLANG_ENABLE_OBJC_ARC = YES;
				CLANG_ENABLE_OBJC_WEAK = YES;
				CLANG_WARN_BLOCK_CAPTURE_AUTORELEASING = YES;
				CLANG_WARN_BOOL_CONVERSION = YES;
				CLANG_WARN_COMMA = YES;
				CLANG_WARN_CONSTANT_CONVERSION = YES;
				CLANG_WARN_DEPRECATED_OBJC_IMPLEMENTATIONS = YES;
				CLANG_WARN_DIRECT_OBJC_ISA_USAGE = YES_ERROR;
				CLANG_WARN_DOCUMENTATION_COMMENTS = YES;
				CLANG_WARN_EMPTY_BODY = YES;
				CLANG_WARN_ENUM_CONVERSION = YES;
				CLANG_WARN_INFINITE_RECURSION = YES;
				CLANG_WARN_INT_CONVERSION = YES;
				CLANG_WARN_NON_LITERAL_NULL_CONVERSION = YES;
				CLANG_WARN_OBJC_IMPLICIT_RETAIN_SELF = YES;
				CLANG_WARN_OBJC_LITERAL_CONVERSION = YES;
				CLANG_WARN_OBJC_ROOT_CLASS = YES_ERROR;
				CLANG_WARN_QUOTED_INCLUDE_IN_FRAMEWORK_HEADER = YES;
				CLANG_WARN_RANGE_LOOP_ANALYSIS = YES;
				CLANG_WARN_STRICT_PROTOTYPES = YES;
				CLANG_WARN_SUSPICIOUS_MOVE = YES;
				CLANG_WARN_UNGUARDED_AVAILABILITY = YES_AGGRESSIVE;
				CLANG_WARN_UNREACHABLE_CODE = YES;
				CLANG_WARN__DUPLICATE_METHOD_MATCH = YES;
				COPY_PHASE_STRIP = NO;
				DEBUG_INFORMATION_FORMAT = "dwarf-with-dsym";
				ENABLE_NS_ASSERTIONS = NO;
				ENABLE_STRICT_OBJC_MSGSEND = YES;
				GCC_C_LANGUAGE_STANDARD = gnu11;
				GCC_NO_COMMON_BLOCKS = YES;
				GCC_WARN_64_TO_32_BIT_CONVERSION = YES;
				GCC_WARN_ABOUT_RETURN_TYPE = YES_ERROR;
				GCC_WARN_UNDECLARED_SELECTOR = YES;
				GCC_WARN_UNINITIALIZED_AUTOS = YES_AGGRESSIVE;
				GCC_WARN_UNUSED_FUNCTION = YES;
				GCC_WARN_UNUSED_VARIABLE = YES;
				IPHONEOS_DEPLOYMENT_TARGET = 13.0;
				MTL_ENABLE_DEBUG_INFO = NO;
				MTL_FAST_MATH = YES;
				SDKROOT = iphoneos;
				SWIFT_COMPILATION_MODE = wholemodule;
				SWIFT_OPTIMIZATION_LEVEL = "-O";
				VALIDATE_PRODUCT = YES;
			};
			name = Release;
		};
		F4975062258E035F00259DAC /* Debug */ = {
			isa = XCBuildConfiguration;
			baseConfigurationReference = 77521F906AAD5B43E3372E9D /* Pods-myday.debug.xcconfig */;
			buildSettings = {
				ASSETCATALOG_COMPILER_APPICON_NAME = "AppIcon-Debug";
				ASSETCATALOG_COMPILER_GLOBAL_ACCENT_COLOR_NAME = "";
				CODE_SIGN_STYLE = Automatic;
				DEBUG_INFORMATION_FORMAT = "dwarf-with-dsym";
				DEVELOPMENT_TEAM = 3978A7VN36;
				INFOPLIST_FILE = "$(SRCROOT)/myday/Supporting Files/Info-Debug.plist";
				IPHONEOS_DEPLOYMENT_TARGET = 13.0;
				LD_RUNPATH_SEARCH_PATHS = (
					"$(inherited)",
					"@executable_path/Frameworks",
				);
				MARKETING_VERSION = 1.0.0;
				PRODUCT_BUNDLE_IDENTIFIER = com.beratbarancevik.myday.debug;
				PRODUCT_MODULE_NAME = myday;
				PRODUCT_NAME = "My Day Dev";
				SWIFT_VERSION = 5.0;
				TARGETED_DEVICE_FAMILY = "1,2";
			};
			name = Debug;
		};
		F4975063258E035F00259DAC /* Release */ = {
			isa = XCBuildConfiguration;
			baseConfigurationReference = CD751E2600EEE72C74363E81 /* Pods-myday.release.xcconfig */;
			buildSettings = {
				ASSETCATALOG_COMPILER_APPICON_NAME = "AppIcon-Release";
				ASSETCATALOG_COMPILER_GLOBAL_ACCENT_COLOR_NAME = "";
				CODE_SIGN_STYLE = Automatic;
				DEVELOPMENT_TEAM = 3978A7VN36;
				INFOPLIST_FILE = "$(SRCROOT)/myday/Supporting Files/Info-Release.plist";
				IPHONEOS_DEPLOYMENT_TARGET = 13.0;
				LD_RUNPATH_SEARCH_PATHS = (
					"$(inherited)",
					"@executable_path/Frameworks",
				);
				MARKETING_VERSION = 1.0.0;
				PRODUCT_BUNDLE_IDENTIFIER = com.beratbarancevik.myday;
				PRODUCT_MODULE_NAME = myday;
				PRODUCT_NAME = "My Day";
				SWIFT_ACTIVE_COMPILATION_CONDITIONS = RELEASE;
				SWIFT_VERSION = 5.0;
				TARGETED_DEVICE_FAMILY = "1,2";
			};
			name = Release;
		};
		F4975065258E035F00259DAC /* Debug */ = {
			isa = XCBuildConfiguration;
			baseConfigurationReference = 393D7885E1C655F420D397EB /* Pods-mydayTests.debug.xcconfig */;
			buildSettings = {
				ALWAYS_EMBED_SWIFT_STANDARD_LIBRARIES = YES;
				BUNDLE_LOADER = "$(TEST_HOST)";
				CODE_SIGN_STYLE = Automatic;
				DEVELOPMENT_TEAM = 3978A7VN36;
				INFOPLIST_FILE = mydayTests/Info.plist;
				IPHONEOS_DEPLOYMENT_TARGET = 14.3;
				LD_RUNPATH_SEARCH_PATHS = (
					"$(inherited)",
					"@executable_path/Frameworks",
					"@loader_path/Frameworks",
				);
				PRODUCT_BUNDLE_IDENTIFIER = com.beratbarancevik.myday.mydayTests;
				PRODUCT_NAME = "$(TARGET_NAME)";
				SWIFT_VERSION = 5.0;
				TARGETED_DEVICE_FAMILY = "1,2";
				TEST_HOST = "$(BUILT_PRODUCTS_DIR)/My Day Dev.app/My Day Dev";
			};
			name = Debug;
		};
		F4975066258E035F00259DAC /* Release */ = {
			isa = XCBuildConfiguration;
			baseConfigurationReference = DEBABB0E249420B171A03A90 /* Pods-mydayTests.release.xcconfig */;
			buildSettings = {
				ALWAYS_EMBED_SWIFT_STANDARD_LIBRARIES = YES;
				BUNDLE_LOADER = "$(TEST_HOST)";
				CODE_SIGN_STYLE = Automatic;
				DEVELOPMENT_TEAM = 3978A7VN36;
				INFOPLIST_FILE = mydayTests/Info.plist;
				IPHONEOS_DEPLOYMENT_TARGET = 14.3;
				LD_RUNPATH_SEARCH_PATHS = (
					"$(inherited)",
					"@executable_path/Frameworks",
					"@loader_path/Frameworks",
				);
				PRODUCT_BUNDLE_IDENTIFIER = com.beratbarancevik.myday.mydayTests;
				PRODUCT_NAME = "$(TARGET_NAME)";
				SWIFT_VERSION = 5.0;
				TARGETED_DEVICE_FAMILY = "1,2";
				TEST_HOST = "$(BUILT_PRODUCTS_DIR)/My Day Dev.app/My Day Dev";
			};
			name = Release;
		};
		F4975068258E035F00259DAC /* Debug */ = {
			isa = XCBuildConfiguration;
			baseConfigurationReference = E35A29D38C531DBA5A5E11D7 /* Pods-myday-mydayUITests.debug.xcconfig */;
			buildSettings = {
				ALWAYS_EMBED_SWIFT_STANDARD_LIBRARIES = "$(inherited)";
				CODE_SIGN_STYLE = Automatic;
				DEVELOPMENT_TEAM = 3978A7VN36;
				INFOPLIST_FILE = mydayUITests/Info.plist;
				LD_RUNPATH_SEARCH_PATHS = (
					"$(inherited)",
					"@executable_path/Frameworks",
					"@loader_path/Frameworks",
				);
				PRODUCT_BUNDLE_IDENTIFIER = com.beratbarancevik.myday.mydayUITests;
				PRODUCT_NAME = "$(TARGET_NAME)";
				SWIFT_VERSION = 5.0;
				TARGETED_DEVICE_FAMILY = "1,2";
				TEST_TARGET_NAME = myday;
			};
			name = Debug;
		};
		F4975069258E035F00259DAC /* Release */ = {
			isa = XCBuildConfiguration;
			baseConfigurationReference = 8B19ACCDC52E43B2651D4DE0 /* Pods-myday-mydayUITests.release.xcconfig */;
			buildSettings = {
				ALWAYS_EMBED_SWIFT_STANDARD_LIBRARIES = "$(inherited)";
				CODE_SIGN_STYLE = Automatic;
				DEVELOPMENT_TEAM = 3978A7VN36;
				INFOPLIST_FILE = mydayUITests/Info.plist;
				LD_RUNPATH_SEARCH_PATHS = (
					"$(inherited)",
					"@executable_path/Frameworks",
					"@loader_path/Frameworks",
				);
				PRODUCT_BUNDLE_IDENTIFIER = com.beratbarancevik.myday.mydayUITests;
				PRODUCT_NAME = "$(TARGET_NAME)";
				SWIFT_VERSION = 5.0;
				TARGETED_DEVICE_FAMILY = "1,2";
				TEST_TARGET_NAME = myday;
			};
			name = Release;
		};
/* End XCBuildConfiguration section */

/* Begin XCConfigurationList section */
		F4975032258E035E00259DAC /* Build configuration list for PBXProject "myday" */ = {
			isa = XCConfigurationList;
			buildConfigurations = (
				F497505F258E035F00259DAC /* Debug */,
				F4975060258E035F00259DAC /* Release */,
			);
			defaultConfigurationIsVisible = 0;
			defaultConfigurationName = Release;
		};
		F4975061258E035F00259DAC /* Build configuration list for PBXNativeTarget "myday" */ = {
			isa = XCConfigurationList;
			buildConfigurations = (
				F4975062258E035F00259DAC /* Debug */,
				F4975063258E035F00259DAC /* Release */,
			);
			defaultConfigurationIsVisible = 0;
			defaultConfigurationName = Release;
		};
		F4975064258E035F00259DAC /* Build configuration list for PBXNativeTarget "mydayTests" */ = {
			isa = XCConfigurationList;
			buildConfigurations = (
				F4975065258E035F00259DAC /* Debug */,
				F4975066258E035F00259DAC /* Release */,
			);
			defaultConfigurationIsVisible = 0;
			defaultConfigurationName = Release;
		};
		F4975067258E035F00259DAC /* Build configuration list for PBXNativeTarget "mydayUITests" */ = {
			isa = XCConfigurationList;
			buildConfigurations = (
				F4975068258E035F00259DAC /* Debug */,
				F4975069258E035F00259DAC /* Release */,
			);
			defaultConfigurationIsVisible = 0;
			defaultConfigurationName = Release;
		};
/* End XCConfigurationList section */

/* Begin XCRemoteSwiftPackageReference section */
		F41845202593B3DA00E7F0A0 /* XCRemoteSwiftPackageReference "SwiftMessages" */ = {
			isa = XCRemoteSwiftPackageReference;
			repositoryURL = "https://github.com/SwiftKickMobile/SwiftMessages";
			requirement = {
				kind = exactVersion;
				version = 8.0.5;
			};
		};
		F4AE2F48258E1A7C005E77AB /* XCRemoteSwiftPackageReference "SnapKit" */ = {
			isa = XCRemoteSwiftPackageReference;
			repositoryURL = "https://github.com/SnapKit/SnapKit.git";
			requirement = {
				kind = exactVersion;
				version = 5.0.1;
			};
		};
/* End XCRemoteSwiftPackageReference section */

/* Begin XCSwiftPackageProductDependency section */
		F41845212593B3DA00E7F0A0 /* SwiftMessages */ = {
			isa = XCSwiftPackageProductDependency;
			package = F41845202593B3DA00E7F0A0 /* XCRemoteSwiftPackageReference "SwiftMessages" */;
			productName = SwiftMessages;
		};
		F4AE2F49258E1A7C005E77AB /* SnapKit */ = {
			isa = XCSwiftPackageProductDependency;
			package = F4AE2F48258E1A7C005E77AB /* XCRemoteSwiftPackageReference "SnapKit" */;
			productName = SnapKit;
		};
/* End XCSwiftPackageProductDependency section */
	};
	rootObject = F497502F258E035E00259DAC /* Project object */;
}
